
Microsoft Visual Studio Solution File, Format Version 12.00
# Visual Studio Version 17
VisualStudioVersion = 17.0.32126.317
MinimumVisualStudioVersion = 10.0.40219.1
Project("{FAE04EC0-301F-11D3-BF4B-00C04F79EFBC}") = "ConsoleLingo", "ConsoleLingo\ConsoleLingo.csproj", "{85CB44E4-883E-4D36-B384-360F266FFBAF}"
EndProject
Global
	GlobalSection(SolutionConfigurationPlatforms) = preSolution
		Debug|Any CPU = Debug|Any CPU
		Release|Any CPU = Release|Any CPU
	EndGlobalSection
	GlobalSection(ProjectConfigurationPlatforms) = postSolution
		{85CB44E4-883E-4D36-B384-360F266FFBAF}.Debug|Any CPU.ActiveCfg = Debug|Any CPU
		{85CB44E4-883E-4D36-B384-360F266FFBAF}.Debug|Any CPU.Build.0 = Debug|Any CPU
		{85CB44E4-883E-4D36-B384-360F266FFBAF}.Release|Any CPU.ActiveCfg = Release|Any CPU
		{85CB44E4-883E-4D36-B384-360F266FFBAF}.Release|Any CPU.Build.0 = Release|Any CPU
	EndGlobalSection
	GlobalSection(SolutionProperties) = preSolution
		HideSolutionNode = FALSE
	EndGlobalSection
	GlobalSection(ExtensibilityGlobals) = postSolution
		SolutionGuid = {897AF239-46A5-4013-892A-711C9ABCC560}
	EndGlobalSection
EndGlobal
