
Microsoft Visual Studio Solution File, Format Version 12.00
# Visual Studio Version 17
VisualStudioVersion = 17.5.002.0
MinimumVisualStudioVersion = 10.0.40219.1
Project("{9A19103F-16F7-4668-BE54-9A1E7A4F7556}") = "Radio", "Radio.csproj", "{6435E4CE-3E5D-4D12-B8BA-478C7F35F42B}"
EndProject
Global
	GlobalSection(SolutionConfigurationPlatforms) = preSolution
		Debug|Any CPU = Debug|Any CPU
		Release|Any CPU = Release|Any CPU
	EndGlobalSection
	GlobalSection(ProjectConfigurationPlatforms) = postSolution
		{6435E4CE-3E5D-4D12-B8BA-478C7F35F42B}.Debug|Any CPU.ActiveCfg = Debug|Any CPU
		{6435E4CE-3E5D-4D12-B8BA-478C7F35F42B}.Debug|Any CPU.Build.0 = Debug|Any CPU
		{6435E4CE-3E5D-4D12-B8BA-478C7F35F42B}.Release|Any CPU.ActiveCfg = Release|Any CPU
		{6435E4CE-3E5D-4D12-B8BA-478C7F35F42B}.Release|Any CPU.Build.0 = Release|Any CPU
	EndGlobalSection
	GlobalSection(SolutionProperties) = preSolution
		HideSolutionNode = FALSE
	EndGlobalSection
	GlobalSection(ExtensibilityGlobals) = postSolution
		SolutionGuid = {8B8FC8CA-1ADD-4139-AE0E-E2C03FD5C428}
	EndGlobalSection
EndGlobal
