
Microsoft Visual Studio Solution File, Format Version 12.00
# Visual Studio Version 17
VisualStudioVersion = 17.5.002.0
MinimumVisualStudioVersion = 10.0.40219.1
Project("{9A19103F-16F7-4668-BE54-9A1E7A4F7556}") = "WebLingo", "WebLingo.csproj", "{C56A8F0F-FE7C-4A08-B4D3-8F4A0A17D435}"
EndProject
Global
	GlobalSection(SolutionConfigurationPlatforms) = preSolution
		Debug|Any CPU = Debug|Any CPU
		Release|Any CPU = Release|Any CPU
	EndGlobalSection
	GlobalSection(ProjectConfigurationPlatforms) = postSolution
		{C56A8F0F-FE7C-4A08-B4D3-8F4A0A17D435}.Debug|Any CPU.ActiveCfg = Debug|Any CPU
		{C56A8F0F-FE7C-4A08-B4D3-8F4A0A17D435}.Debug|Any CPU.Build.0 = Debug|Any CPU
		{C56A8F0F-FE7C-4A08-B4D3-8F4A0A17D435}.Release|Any CPU.ActiveCfg = Release|Any CPU
		{C56A8F0F-FE7C-4A08-B4D3-8F4A0A17D435}.Release|Any CPU.Build.0 = Release|Any CPU
	EndGlobalSection
	GlobalSection(SolutionProperties) = preSolution
		HideSolutionNode = FALSE
	EndGlobalSection
	GlobalSection(ExtensibilityGlobals) = postSolution
		SolutionGuid = {513077C6-786E-48C1-BD9C-EEC61F42ABE7}
	EndGlobalSection
EndGlobal
