
Microsoft Visual Studio Solution File, Format Version 12.00
# Visual Studio Version 17
VisualStudioVersion = 17.5.002.0
MinimumVisualStudioVersion = 10.0.40219.1
Project("{9A19103F-16F7-4668-BE54-9A1E7A4F7556}") = "ConsoleLingo", "ConsoleLingo.csproj", "{FC2FAB79-5F0D-4724-893E-645B00B19CEA}"
EndProject
Global
	GlobalSection(SolutionConfigurationPlatforms) = preSolution
		Debug|Any CPU = Debug|Any CPU
		Release|Any CPU = Release|Any CPU
	EndGlobalSection
	GlobalSection(ProjectConfigurationPlatforms) = postSolution
		{FC2FAB79-5F0D-4724-893E-645B00B19CEA}.Debug|Any CPU.ActiveCfg = Debug|Any CPU
		{FC2FAB79-5F0D-4724-893E-645B00B19CEA}.Debug|Any CPU.Build.0 = Debug|Any CPU
		{FC2FAB79-5F0D-4724-893E-645B00B19CEA}.Release|Any CPU.ActiveCfg = Release|Any CPU
		{FC2FAB79-5F0D-4724-893E-645B00B19CEA}.Release|Any CPU.Build.0 = Release|Any CPU
	EndGlobalSection
	GlobalSection(SolutionProperties) = preSolution
		HideSolutionNode = FALSE
	EndGlobalSection
	GlobalSection(ExtensibilityGlobals) = postSolution
		SolutionGuid = {E00D6487-A927-4913-BF69-F2607F64A964}
	EndGlobalSection
EndGlobal
